
Microsoft Visual Studio Solution File, Format Version 12.00
# Visual Studio Version 17
VisualStudioVersion = 17.0.31903.59
MinimumVisualStudioVersion = 10.0.40219.1
Project("{FAE04EC0-301F-11D3-BF4B-00C04F79EFBC}") = "UmbracoAngularCMS", "UmbracoAngularCMS.csproj", "{AABFB9C2-5AB7-6A84-3BE9-6C6DA3347519}"
EndProject
Global
	GlobalSection(SolutionConfigurationPlatforms) = preSolution
		Debug|Any CPU = Debug|Any CPU
		Release|Any CPU = Release|Any CPU
	EndGlobalSection
	GlobalSection(ProjectConfigurationPlatforms) = postSolution
		{AABFB9C2-5AB7-6A84-3BE9-6C6DA3347519}.Debug|Any CPU.ActiveCfg = Debug|Any CPU
		{AABFB9C2-5AB7-6A84-3BE9-6C6DA3347519}.Debug|Any CPU.Build.0 = Debug|Any CPU
		{AABFB9C2-5AB7-6A84-3BE9-6C6DA3347519}.Release|Any CPU.ActiveCfg = Release|Any CPU
		{AABFB9C2-5AB7-6A84-3BE9-6C6DA3347519}.Release|Any CPU.Build.0 = Release|Any CPU
	EndGlobalSection
	GlobalSection(SolutionProperties) = preSolution
		HideSolutionNode = FALSE
	EndGlobalSection
	GlobalSection(ExtensibilityGlobals) = postSolution
		SolutionGuid = {383F0F0E-D0BB-49EC-85FB-CE6623A787E6}
	EndGlobalSection
EndGlobal
